[{<<"fifo_dt">>,
  {git,"https://github.com/project-fifo/fifo_dt.git",
       {ref,"cc9e24ce847a0b36c0716e6fa244d35d446f99f3"}},
  0},
 {<<"goldrush">>,{pkg,<<"goldrush">>,<<"0.1.6">>},2},
 {<<"jsx">>,{pkg,<<"jsx">>,<<"1.4.5">>},1},
 {<<"jsxd">>,{pkg,<<"jsxd">>,<<"0.1.10">>},1},
 {<<"lager">>,{pkg,<<"lager">>,<<"2.1.1">>},1},
 {<<"libsnarlmatch">>,{pkg,<<"libsnarlmatch">>,<<"0.1.6">>},1},
 {<<"riak_dt">>,
  {git,"https://github.com/basho/riak_dt.git",
       {ref,"f7981d4ad7407ddc085f133f204dd71bf9d50c56"}},
  1},
 {<<"uuid">>,
  {git,"https://github.com/project-fifo/erlang-uuid.git",
       {ref,"c28d740d878e91a075ee3d888ba15131d136e0d2"}},
  1}].
